
Microsoft Visual Studio Solution File, Format Version 12.00
# Visual Studio Version 17
VisualStudioVersion = 17.8.34316.72
MinimumVisualStudioVersion = 10.0.40219.1
Project("{FAE04EC0-301F-11D3-BF4B-00C04F79EFBC}") = "LearningCenterAPI", "LearningCenterAPI\LearningCenterAPI.csproj", "{290F87AC-3F2F-4B37-8B9D-5DFE4E294033}"
EndProject
Project("{FAE04EC0-301F-11D3-BF4B-00C04F79EFBC}") = "LC.DataAcces", "LC.DataAcces\LC.DataAcces.csproj", "{ABB7984A-AA8D-49E8-BEF6-3338AEB40D2C}"
EndProject
Project("{FAE04EC0-301F-11D3-BF4B-00C04F79EFBC}") = "LC.Domein", "LC.Domein\LC.Domein.csproj", "{79AA3D24-FD68-41ED-B343-221DE53E78D8}"
EndProject
Project("{FAE04EC0-301F-11D3-BF4B-00C04F79EFBC}") = "LC.Service", "LC.Service\LC.Service.csproj", "{3EE5E6C8-48C4-4E81-83EE-CD754345E6F2}"
EndProject
Global
	GlobalSection(SolutionConfigurationPlatforms) = preSolution
		Debug|Any CPU = Debug|Any CPU
		Release|Any CPU = Release|Any CPU
	EndGlobalSection
	GlobalSection(ProjectConfigurationPlatforms) = postSolution
		{290F87AC-3F2F-4B37-8B9D-5DFE4E294033}.Debug|Any CPU.ActiveCfg = Debug|Any CPU
		{290F87AC-3F2F-4B37-8B9D-5DFE4E294033}.Debug|Any CPU.Build.0 = Debug|Any CPU
		{290F87AC-3F2F-4B37-8B9D-5DFE4E294033}.Release|Any CPU.ActiveCfg = Release|Any CPU
		{290F87AC-3F2F-4B37-8B9D-5DFE4E294033}.Release|Any CPU.Build.0 = Release|Any CPU
		{ABB7984A-AA8D-49E8-BEF6-3338AEB40D2C}.Debug|Any CPU.ActiveCfg = Debug|Any CPU
		{ABB7984A-AA8D-49E8-BEF6-3338AEB40D2C}.Debug|Any CPU.Build.0 = Debug|Any CPU
		{ABB7984A-AA8D-49E8-BEF6-3338AEB40D2C}.Release|Any CPU.ActiveCfg = Release|Any CPU
		{ABB7984A-AA8D-49E8-BEF6-3338AEB40D2C}.Release|Any CPU.Build.0 = Release|Any CPU
		{79AA3D24-FD68-41ED-B343-221DE53E78D8}.Debug|Any CPU.ActiveCfg = Debug|Any CPU
		{79AA3D24-FD68-41ED-B343-221DE53E78D8}.Debug|Any CPU.Build.0 = Debug|Any CPU
		{79AA3D24-FD68-41ED-B343-221DE53E78D8}.Release|Any CPU.ActiveCfg = Release|Any CPU
		{79AA3D24-FD68-41ED-B343-221DE53E78D8}.Release|Any CPU.Build.0 = Release|Any CPU
		{3EE5E6C8-48C4-4E81-83EE-CD754345E6F2}.Debug|Any CPU.ActiveCfg = Debug|Any CPU
		{3EE5E6C8-48C4-4E81-83EE-CD754345E6F2}.Debug|Any CPU.Build.0 = Debug|Any CPU
		{3EE5E6C8-48C4-4E81-83EE-CD754345E6F2}.Release|Any CPU.ActiveCfg = Release|Any CPU
		{3EE5E6C8-48C4-4E81-83EE-CD754345E6F2}.Release|Any CPU.Build.0 = Release|Any CPU
	EndGlobalSection
	GlobalSection(SolutionProperties) = preSolution
		HideSolutionNode = FALSE
	EndGlobalSection
	GlobalSection(ExtensibilityGlobals) = postSolution
		SolutionGuid = {0F479925-414F-4BA8-B5FB-9EC7DD94B8A6}
	EndGlobalSection
EndGlobal
